
Microsoft Visual Studio Solution File, Format Version 12.00
# Visual Studio Version 16
VisualStudioVersion = 16.0.32630.194
MinimumVisualStudioVersion = 10.0.40219.1
Project("{FAE04EC0-301F-11D3-BF4B-00C04F79EFBC}") = "WpfApp2", "WpfApp2\WpfApp2.csproj", "{D5031C52-4B16-49DF-9A34-8312125F30F9}"
EndProject
Global
	GlobalSection(SolutionConfigurationPlatforms) = preSolution
		Debug|Any CPU = Debug|Any CPU
		Release|Any CPU = Release|Any CPU
	EndGlobalSection
	GlobalSection(ProjectConfigurationPlatforms) = postSolution
		{D5031C52-4B16-49DF-9A34-8312125F30F9}.Debug|Any CPU.ActiveCfg = Debug|Any CPU
		{D5031C52-4B16-49DF-9A34-8312125F30F9}.Debug|Any CPU.Build.0 = Debug|Any CPU
		{D5031C52-4B16-49DF-9A34-8312125F30F9}.Release|Any CPU.ActiveCfg = Release|Any CPU
		{D5031C52-4B16-49DF-9A34-8312125F30F9}.Release|Any CPU.Build.0 = Release|Any CPU
	EndGlobalSection
	GlobalSection(SolutionProperties) = preSolution
		HideSolutionNode = FALSE
	EndGlobalSection
	GlobalSection(ExtensibilityGlobals) = postSolution
		SolutionGuid = {205B3CB9-A488-4ED2-B2C0-F8F4B90B5385}
	EndGlobalSection
EndGlobal
